dependencies:
  espressif/ble_ota:
    component_hash: 059214dda94d03d4378201a773124f8efbad17c70b506ff4fbc30d2656e74616
    dependencies:
    - name: espressif/cmake_utilities
      registry_url: https://components.espressif.com
      require: private
      version: 0.*
    - name: espressif/esp_encrypted_img
      registry_url: https://components.espressif.com
      require: private
      version: ^2.0.1
    - name: idf
      require: private
      version: '>=4.4'
    source:
      registry_url: https://components.espressif.com/
      type: service
    targets:
    - esp32
    - esp32c3
    - esp32h2
    - esp32s3
    - esp32c2
    - esp32c6
    version: 0.1.14
  espressif/cmake_utilities:
    component_hash: 351350613ceafba240b761b4ea991e0f231ac7a9f59a9ee901f751bddc0bb18f
    dependencies:
    - name: idf
      require: private
      version: '>=4.1'
    source:
      registry_url: https://components.espressif.com
      type: service
    version: 0.5.3
  espressif/esp_encrypted_img:
    component_hash: e5a065c140fbc6a69a1de4fa1731b7596cc34a4a50b57913b2dc34c9ad3a0a70
    dependencies:
    - name: idf
      require: private
      version: '>=4.4'
    source:
      registry_url: https://components.espressif.com
      type: service
    version: 2.3.0
  idf:
    source:
      type: idf
    version: 5.2.5
direct_dependencies:
- espressif/ble_ota
- idf
manifest_hash: a031121c78fc9f752da3fb09e0d87584df64207a370466fbb2fa037b64bd22ab
target: esp32
version: 2.0.0
